
Microsoft Visual Studio Solution File, Format Version 12.00
# Visual Studio 2012
Project("{FAE04EC0-301F-11D3-BF4B-00C04F79EFBC}") = "BKI_CRM", "BKI_CRM\BKI_CRM.csproj", "{2E230F54-9B4E-46A4-8744-B2EB18173049}"
EndProject
Project("{FAE04EC0-301F-11D3-BF4B-00C04F79EFBC}") = "Framework.Extensions", "..\..\03.Tool\EHR\EHR\Framework.Extensions\Framework.Extensions.csproj", "{B3CFBDAF-3510-4DCE-8F98-79C6119889FC}"
EndProject
Global
	GlobalSection(SolutionConfigurationPlatforms) = preSolution
		Debug|Any CPU = Debug|Any CPU
		Release|Any CPU = Release|Any CPU
	EndGlobalSection
	GlobalSection(ProjectConfigurationPlatforms) = postSolution
		{2E230F54-9B4E-46A4-8744-B2EB18173049}.Debug|Any CPU.ActiveCfg = Debug|Any CPU
		{2E230F54-9B4E-46A4-8744-B2EB18173049}.Debug|Any CPU.Build.0 = Debug|Any CPU
		{2E230F54-9B4E-46A4-8744-B2EB18173049}.Release|Any CPU.ActiveCfg = Release|Any CPU
		{2E230F54-9B4E-46A4-8744-B2EB18173049}.Release|Any CPU.Build.0 = Release|Any CPU
		{B3CFBDAF-3510-4DCE-8F98-79C6119889FC}.Debug|Any CPU.ActiveCfg = Debug|Any CPU
		{B3CFBDAF-3510-4DCE-8F98-79C6119889FC}.Debug|Any CPU.Build.0 = Debug|Any CPU
		{B3CFBDAF-3510-4DCE-8F98-79C6119889FC}.Release|Any CPU.ActiveCfg = Release|Any CPU
		{B3CFBDAF-3510-4DCE-8F98-79C6119889FC}.Release|Any CPU.Build.0 = Release|Any CPU
	EndGlobalSection
	GlobalSection(SolutionProperties) = preSolution
		HideSolutionNode = FALSE
	EndGlobalSection
EndGlobal
